// !$*UTF8*$!
{
	archiveVersion = 1;
	classes = {
	};
	objectVersion = 46;
	objects = {

/* Begin PBXBuildFile section */
		3A81D44A1AD706FD00372D20 /* Constants.swift in Sources */ = {isa = PBXBuildFile; fileRef = 3A81D4491AD706FD00372D20 /* Constants.swift */; };
		3A81D44B1AD706FD00372D20 /* Constants.swift in Sources */ = {isa = PBXBuildFile; fileRef = 3A81D4491AD706FD00372D20 /* Constants.swift */; };
		3AEA201D1AD6E4100058BC85 /* AppDelegate.swift in Sources */ = {isa = PBXBuildFile; fileRef = 3AEA201C1AD6E4100058BC85 /* AppDelegate.swift */; };
		3AEA201F1AD6E4100058BC85 /* EventListViewController.swift in Sources */ = {isa = PBXBuildFile; fileRef = 3AEA201E1AD6E4100058BC85 /* EventListViewController.swift */; };
		3AEA20211AD6E4100058BC85 /* HowToListViewController.swift in Sources */ = {isa = PBXBuildFile; fileRef = 3AEA20201AD6E4100058BC85 /* HowToListViewController.swift */; };
		3AEA20241AD6E4100058BC85 /* Main.storyboard in Resources */ = {isa = PBXBuildFile; fileRef = 3AEA20221AD6E4100058BC85 /* Main.storyboard */; };
		3AEA20261AD6E4100058BC85 /* Images.xcassets in Resources */ = {isa = PBXBuildFile; fileRef = 3AEA20251AD6E4100058BC85 /* Images.xcassets */; };
		3AEA20291AD6E4100058BC85 /* LaunchScreen.xib in Resources */ = {isa = PBXBuildFile; fileRef = 3AEA20271AD6E4100058BC85 /* LaunchScreen.xib */; };
		3AEA20351AD6E4100058BC85 /* Synergize_Southwest_DetroitTests.swift in Sources */ = {isa = PBXBuildFile; fileRef = 3AEA20341AD6E4100058BC85 /* Synergize_Southwest_DetroitTests.swift */; };
		3AEA203F1AD6E8B50058BC85 /* ResourceListViewController.swift in Sources */ = {isa = PBXBuildFile; fileRef = 3AEA203E1AD6E8B50058BC85 /* ResourceListViewController.swift */; };
		3AEA20411AD6EB0B0058BC85 /* EventTableViewCell.swift in Sources */ = {isa = PBXBuildFile; fileRef = 3AEA20401AD6EB0B0058BC85 /* EventTableViewCell.swift */; };
		3AEA20441AD6EEE10058BC85 /* EventManager.swift in Sources */ = {isa = PBXBuildFile; fileRef = 3AEA20431AD6EEE10058BC85 /* EventManager.swift */; };
		3AEA20461AD6F0270058BC85 /* Event.swift in Sources */ = {isa = PBXBuildFile; fileRef = 3AEA20451AD6F0270058BC85 /* Event.swift */; };
		5791B8F651BE2DA071AAD58D /* libPods.a in Frameworks */ = {isa = PBXBuildFile; fileRef = 9A3B7B472B9C9E24F5FCA9FB /* libPods.a */; };
/* End PBXBuildFile section */

/* Begin PBXContainerItemProxy section */
		3AEA202F1AD6E4100058BC85 /* PBXContainerItemProxy */ = {
			isa = PBXContainerItemProxy;
			containerPortal = 3AEA200F1AD6E4100058BC85 /* Project object */;
			proxyType = 1;
			remoteGlobalIDString = 3AEA20161AD6E4100058BC85;
			remoteInfo = "Synergize Southwest Detroit";
		};
/* End PBXContainerItemProxy section */

/* Begin PBXFileReference section */
		32113DD6DBE807DE9C584156 /* Pods.release.xcconfig */ = {isa = PBXFileReference; includeInIndex = 1; lastKnownFileType = text.xcconfig; name = Pods.release.xcconfig; path = "Pods/Target Support Files/Pods/Pods.release.xcconfig"; sourceTree = "<group>"; };
		3A81D4481AD702FE00372D20 /* BridgingHeader.h */ = {isa = PBXFileReference; fileEncoding = 4; lastKnownFileType = sourcecode.c.h; path = BridgingHeader.h; sourceTree = "<group>"; };
		3A81D4491AD706FD00372D20 /* Constants.swift */ = {isa = PBXFileReference; fileEncoding = 4; lastKnownFileType = sourcecode.swift; path = Constants.swift; sourceTree = "<group>"; };
		3AEA20171AD6E4100058BC85 /* Synergize Southwest Detroit.app */ = {isa = PBXFileReference; explicitFileType = wrapper.application; includeInIndex = 0; path = "Synergize Southwest Detroit.app"; sourceTree = BUILT_PRODUCTS_DIR; };
		3AEA201B1AD6E4100058BC85 /* Info.plist */ = {isa = PBXFileReference; lastKnownFileType = text.plist.xml; path = Info.plist; sourceTree = "<group>"; };
		3AEA201C1AD6E4100058BC85 /* AppDelegate.swift */ = {isa = PBXFileReference; lastKnownFileType = sourcecode.swift; path = AppDelegate.swift; sourceTree = "<group>"; };
		3AEA201E1AD6E4100058BC85 /* EventListViewController.swift */ = {isa = PBXFileReference; lastKnownFileType = sourcecode.swift; path = EventListViewController.swift; sourceTree = "<group>"; };
		3AEA20201AD6E4100058BC85 /* HowToListViewController.swift */ = {isa = PBXFileReference; lastKnownFileType = sourcecode.swift; path = HowToListViewController.swift; sourceTree = "<group>"; };
		3AEA20231AD6E4100058BC85 /* Base */ = {isa = PBXFileReference; lastKnownFileType = file.storyboard; name = Base; path = Base.lproj/Main.storyboard; sourceTree = "<group>"; };
		3AEA20251AD6E4100058BC85 /* Images.xcassets */ = {isa = PBXFileReference; lastKnownFileType = folder.assetcatalog; path = Images.xcassets; sourceTree = "<group>"; };
		3AEA20281AD6E4100058BC85 /* Base */ = {isa = PBXFileReference; lastKnownFileType = file.xib; name = Base; path = Base.lproj/LaunchScreen.xib; sourceTree = "<group>"; };
		3AEA202E1AD6E4100058BC85 /* Synergize Southwest DetroitTests.xctest */ = {isa = PBXFileReference; explicitFileType = wrapper.cfbundle; includeInIndex = 0; path = "Synergize Southwest DetroitTests.xctest"; sourceTree = BUILT_PRODUCTS_DIR; };
		3AEA20331AD6E4100058BC85 /* Info.plist */ = {isa = PBXFileReference; lastKnownFileType = text.plist.xml; path = Info.plist; sourceTree = "<group>"; };
		3AEA20341AD6E4100058BC85 /* Synergize_Southwest_DetroitTests.swift */ = {isa = PBXFileReference; lastKnownFileType = sourcecode.swift; path = Synergize_Southwest_DetroitTests.swift; sourceTree = "<group>"; };
		3AEA203E1AD6E8B50058BC85 /* ResourceListViewController.swift */ = {isa = PBXFileReference; fileEncoding = 4; lastKnownFileType = sourcecode.swift; path = ResourceListViewController.swift; sourceTree = "<group>"; };
		3AEA20401AD6EB0B0058BC85 /* EventTableViewCell.swift */ = {isa = PBXFileReference; fileEncoding = 4; lastKnownFileType = sourcecode.swift; path = EventTableViewCell.swift; sourceTree = "<group>"; };
		3AEA20431AD6EEE10058BC85 /* EventManager.swift */ = {isa = PBXFileReference; fileEncoding = 4; lastKnownFileType = sourcecode.swift; path = EventManager.swift; sourceTree = "<group>"; };
		3AEA20451AD6F0270058BC85 /* Event.swift */ = {isa = PBXFileReference; fileEncoding = 4; lastKnownFileType = sourcecode.swift; path = Event.swift; sourceTree = "<group>"; };
		54DCC90045F3E61802153E2F /* Pods.debug.xcconfig */ = {isa = PBXFileReference; includeInIndex = 1; lastKnownFileType = text.xcconfig; name = Pods.debug.xcconfig; path = "Pods/Target Support Files/Pods/Pods.debug.xcconfig"; sourceTree = "<group>"; };
		9A3B7B472B9C9E24F5FCA9FB /* libPods.a */ = {isa = PBXFileReference; explicitFileType = archive.ar; includeInIndex = 0; path = libPods.a; sourceTree = BUILT_PRODUCTS_DIR; };
/* End PBXFileReference section */

/* Begin PBXFrameworksBuildPhase section */
		3AEA20141AD6E4100058BC85 /* Frameworks */ = {
			isa = PBXFrameworksBuildPhase;
			buildActionMask = 2147483647;
			files = (
				5791B8F651BE2DA071AAD58D /* libPods.a in Frameworks */,
			);
			runOnlyForDeploymentPostprocessing = 0;
		};
		3AEA202B1AD6E4100058BC85 /* Frameworks */ = {
			isa = PBXFrameworksBuildPhase;
			buildActionMask = 2147483647;
			files = (
			);
			runOnlyForDeploymentPostprocessing = 0;
		};
/* End PBXFrameworksBuildPhase section */

/* Begin PBXGroup section */
		3AEA200E1AD6E4100058BC85 = {
			isa = PBXGroup;
			children = (
				3AEA20191AD6E4100058BC85 /* Synergize Southwest Detroit */,
				3AEA20311AD6E4100058BC85 /* Synergize Southwest DetroitTests */,
				3AEA20181AD6E4100058BC85 /* Products */,
				B31963B59E0E46C4093F1FAA /* Pods */,
				FD423C7DA68A1263DD7B9A53 /* Frameworks */,
			);
			sourceTree = "<group>";
		};
		3AEA20181AD6E4100058BC85 /* Products */ = {
			isa = PBXGroup;
			children = (
				3AEA20171AD6E4100058BC85 /* Synergize Southwest Detroit.app */,
				3AEA202E1AD6E4100058BC85 /* Synergize Southwest DetroitTests.xctest */,
			);
			name = Products;
			sourceTree = "<group>";
		};
		3AEA20191AD6E4100058BC85 /* Synergize Southwest Detroit */ = {
			isa = PBXGroup;
			children = (
				3A81D4491AD706FD00372D20 /* Constants.swift */,
				3AEA201C1AD6E4100058BC85 /* AppDelegate.swift */,
				3AEA20421AD6EB110058BC85 /* Events */,
				3AEA20201AD6E4100058BC85 /* HowToListViewController.swift */,
				3A81D4481AD702FE00372D20 /* BridgingHeader.h */,
				3AEA203E1AD6E8B50058BC85 /* ResourceListViewController.swift */,
				3AEA20221AD6E4100058BC85 /* Main.storyboard */,
				3AEA20251AD6E4100058BC85 /* Images.xcassets */,
				3AEA20271AD6E4100058BC85 /* LaunchScreen.xib */,
				3AEA201A1AD6E4100058BC85 /* Supporting Files */,
			);
			path = "Synergize Southwest Detroit";
			sourceTree = "<group>";
		};
		3AEA201A1AD6E4100058BC85 /* Supporting Files */ = {
			isa = PBXGroup;
			children = (
				3AEA201B1AD6E4100058BC85 /* Info.plist */,
			);
			name = "Supporting Files";
			sourceTree = "<group>";
		};
		3AEA20311AD6E4100058BC85 /* Synergize Southwest DetroitTests */ = {
			isa = PBXGroup;
			children = (
				3AEA20341AD6E4100058BC85 /* Synergize_Southwest_DetroitTests.swift */,
				3AEA20321AD6E4100058BC85 /* Supporting Files */,
			);
			path = "Synergize Southwest DetroitTests";
			sourceTree = "<group>";
		};
		3AEA20321AD6E4100058BC85 /* Supporting Files */ = {
			isa = PBXGroup;
			children = (
				3AEA20331AD6E4100058BC85 /* Info.plist */,
			);
			name = "Supporting Files";
			sourceTree = "<group>";
		};
		3AEA20421AD6EB110058BC85 /* Events */ = {
			isa = PBXGroup;
			children = (
				3AEA20431AD6EEE10058BC85 /* EventManager.swift */,
				3AEA201E1AD6E4100058BC85 /* EventListViewController.swift */,
				3AEA20401AD6EB0B0058BC85 /* EventTableViewCell.swift */,
				3AEA20451AD6F0270058BC85 /* Event.swift */,
			);
			name = Events;
			sourceTree = "<group>";
		};
		B31963B59E0E46C4093F1FAA /* Pods */ = {
			isa = PBXGroup;
			children = (
				54DCC90045F3E61802153E2F /* Pods.debug.xcconfig */,
				32113DD6DBE807DE9C584156 /* Pods.release.xcconfig */,
			);
			name = Pods;
			sourceTree = "<group>";
		};
		FD423C7DA68A1263DD7B9A53 /* Frameworks */ = {
			isa = PBXGroup;
			children = (
				9A3B7B472B9C9E24F5FCA9FB /* libPods.a */,
			);
			name = Frameworks;
			sourceTree = "<group>";
		};
/* End PBXGroup section */

/* Begin PBXNativeTarget section */
		3AEA20161AD6E4100058BC85 /* Synergize Southwest Detroit */ = {
			isa = PBXNativeTarget;
			buildConfigurationList = 3AEA20381AD6E4100058BC85 /* Build configuration list for PBXNativeTarget "Synergize Southwest Detroit" */;
			buildPhases = (
				97B6B4C171BFDDEE81DA20C6 /* Check Pods Manifest.lock */,
				3AEA20131AD6E4100058BC85 /* Sources */,
				3AEA20141AD6E4100058BC85 /* Frameworks */,
				3AEA20151AD6E4100058BC85 /* Resources */,
				B5921841A87A9FC5F76545E6 /* Copy Pods Resources */,
			);
			buildRules = (
			);
			dependencies = (
			);
			name = "Synergize Southwest Detroit";
			productName = "Synergize Southwest Detroit";
			productReference = 3AEA20171AD6E4100058BC85 /* Synergize Southwest Detroit.app */;
			productType = "com.apple.product-type.application";
		};
		3AEA202D1AD6E4100058BC85 /* Synergize Southwest DetroitTests */ = {
			isa = PBXNativeTarget;
			buildConfigurationList = 3AEA203B1AD6E4100058BC85 /* Build configuration list for PBXNativeTarget "Synergize Southwest DetroitTests" */;
			buildPhases = (
				3AEA202A1AD6E4100058BC85 /* Sources */,
				3AEA202B1AD6E4100058BC85 /* Frameworks */,
				3AEA202C1AD6E4100058BC85 /* Resources */,
			);
			buildRules = (
			);
			dependencies = (
				3AEA20301AD6E4100058BC85 /* PBXTargetDependency */,
			);
			name = "Synergize Southwest DetroitTests";
			productName = "Synergize Southwest DetroitTests";
			productReference = 3AEA202E1AD6E4100058BC85 /* Synergize Southwest DetroitTests.xctest */;
			productType = "com.apple.product-type.bundle.unit-test";
		};
/* End PBXNativeTarget section */

/* Begin PBXProject section */
		3AEA200F1AD6E4100058BC85 /* Project object */ = {
			isa = PBXProject;
			attributes = {
				LastUpgradeCheck = 0600;
				ORGANIZATIONNAME = "Giancarlo Anemone";
				TargetAttributes = {
					3AEA20161AD6E4100058BC85 = {
						CreatedOnToolsVersion = 6.0.1;
					};
					3AEA202D1AD6E4100058BC85 = {
						CreatedOnToolsVersion = 6.0.1;
						TestTargetID = 3AEA20161AD6E4100058BC85;
					};
				};
			};
			buildConfigurationList = 3AEA20121AD6E4100058BC85 /* Build configuration list for PBXProject "Synergize Southwest Detroit" */;
			compatibilityVersion = "Xcode 3.2";
			developmentRegion = English;
			hasScannedForEncodings = 0;
			knownRegions = (
				en,
				Base,
			);
			mainGroup = 3AEA200E1AD6E4100058BC85;
			productRefGroup = 3AEA20181AD6E4100058BC85 /* Products */;
			projectDirPath = "";
			projectRoot = "";
			targets = (
				3AEA20161AD6E4100058BC85 /* Synergize Southwest Detroit */,
				3AEA202D1AD6E4100058BC85 /* Synergize Southwest DetroitTests */,
			);
		};
/* End PBXProject section */

/* Begin PBXResourcesBuildPhase section */
		3AEA20151AD6E4100058BC85 /* Resources */ = {
			isa = PBXResourcesBuildPhase;
			buildActionMask = 2147483647;
			files = (
				3AEA20241AD6E4100058BC85 /* Main.storyboard in Resources */,
				3AEA20291AD6E4100058BC85 /* LaunchScreen.xib in Resources */,
				3AEA20261AD6E4100058BC85 /* Images.xcassets in Resources */,
			);
			runOnlyForDeploymentPostprocessing = 0;
		};
		3AEA202C1AD6E4100058BC85 /* Resources */ = {
			isa = PBXResourcesBuildPhase;
			buildActionMask = 2147483647;
			files = (
			);
			runOnlyForDeploymentPostprocessing = 0;
		};
/* End PBXResourcesBuildPhase section */

/* Begin PBXShellScriptBuildPhase section */
		97B6B4C171BFDDEE81DA20C6 /* Check Pods Manifest.lock */ = {
			isa = PBXShellScriptBuildPhase;
			buildActionMask = 2147483647;
			files = (
			);
			inputPaths = (
			);
			name = "Check Pods Manifest.lock";
			outputPaths = (
			);
			runOnlyForDeploymentPostprocessing = 0;
			shellPath = /bin/sh;
			shellScript = "diff \"${PODS_ROOT}/../Podfile.lock\" \"${PODS_ROOT}/Manifest.lock\" > /dev/null\nif [[ $? != 0 ]] ; then\n    cat << EOM\nerror: The sandbox is not in sync with the Podfile.lock. Run 'pod install' or update your CocoaPods installation.\nEOM\n    exit 1\nfi\n";
			showEnvVarsInLog = 0;
		};
		B5921841A87A9FC5F76545E6 /* Copy Pods Resources */ = {
			isa = PBXShellScriptBuildPhase;
			buildActionMask = 2147483647;
			files = (
			);
			inputPaths = (
			);
			name = "Copy Pods Resources";
			outputPaths = (
			);
			runOnlyForDeploymentPostprocessing = 0;
			shellPath = /bin/sh;
			shellScript = "\"${SRCROOT}/Pods/Target Support Files/Pods/Pods-resources.sh\"\n";
			showEnvVarsInLog = 0;
		};
/* End PBXShellScriptBuildPhase section */

/* Begin PBXSourcesBuildPhase section */
		3AEA20131AD6E4100058BC85 /* Sources */ = {
			isa = PBXSourcesBuildPhase;
			buildActionMask = 2147483647;
			files = (
				3AEA20441AD6EEE10058BC85 /* EventManager.swift in Sources */,
				3AEA203F1AD6E8B50058BC85 /* ResourceListViewController.swift in Sources */,
				3AEA20211AD6E4100058BC85 /* HowToListViewController.swift in Sources */,
				3AEA201D1AD6E4100058BC85 /* AppDelegate.swift in Sources */,
				3AEA20411AD6EB0B0058BC85 /* EventTableViewCell.swift in Sources */,
				3AEA20461AD6F0270058BC85 /* Event.swift in Sources */,
				3AEA201F1AD6E4100058BC85 /* EventListViewController.swift in Sources */,
				3A81D44A1AD706FD00372D20 /* Constants.swift in Sources */,
			);
			runOnlyForDeploymentPostprocessing = 0;
		};
		3AEA202A1AD6E4100058BC85 /* Sources */ = {
			isa = PBXSourcesBuildPhase;
			buildActionMask = 2147483647;
			files = (
				3AEA20351AD6E4100058BC85 /* Synergize_Southwest_DetroitTests.swift in Sources */,
				3A81D44B1AD706FD00372D20 /* Constants.swift in Sources */,
			);
			runOnlyForDeploymentPostprocessing = 0;
		};
/* End PBXSourcesBuildPhase section */

/* Begin PBXTargetDependency section */
		3AEA20301AD6E4100058BC85 /* PBXTargetDependency */ = {
			isa = PBXTargetDependency;
			target = 3AEA20161AD6E4100058BC85 /* Synergize Southwest Detroit */;
			targetProxy = 3AEA202F1AD6E4100058BC85 /* PBXContainerItemProxy */;
		};
/* End PBXTargetDependency section */

/* Begin PBXVariantGroup section */
		3AEA20221AD6E4100058BC85 /* Main.storyboard */ = {
			isa = PBXVariantGroup;
			children = (
				3AEA20231AD6E4100058BC85 /* Base */,
			);
			name = Main.storyboard;
			sourceTree = "<group>";
		};
		3AEA20271AD6E4100058BC85 /* LaunchScreen.xib */ = {
			isa = PBXVariantGroup;
			children = (
				3AEA20281AD6E4100058BC85 /* Base */,
			);
			name = LaunchScreen.xib;
			sourceTree = "<group>";
		};
/* End PBXVariantGroup section */

/* Begin XCBuildConfiguration section */
		3AEA20361AD6E4100058BC85 /* Debug */ = {
			isa = XCBuildConfiguration;
			buildSettings = {
				ALWAYS_SEARCH_USER_PATHS = NO;
				CLANG_CXX_LANGUAGE_STANDARD = "gnu++0x";
				CLANG_CXX_LIBRARY = "libc++";
				CLANG_ENABLE_MODULES = YES;
				CLANG_ENABLE_OBJC_ARC = YES;
				CLANG_WARN_BOOL_CONVERSION = YES;
				CLANG_WARN_CONSTANT_CONVERSION = YES;
				CLANG_WARN_DIRECT_OBJC_ISA_USAGE = YES_ERROR;
				CLANG_WARN_EMPTY_BODY = YES;
				CLANG_WARN_ENUM_CONVERSION = YES;
				CLANG_WARN_INT_CONVERSION = YES;
				CLANG_WARN_OBJC_ROOT_CLASS = YES_ERROR;
				CLANG_WARN_UNREACHABLE_CODE = YES;
				CLANG_WARN__DUPLICATE_METHOD_MATCH = YES;
				"CODE_SIGN_IDENTITY[sdk=iphoneos*]" = "iPhone Developer";
				COPY_PHASE_STRIP = NO;
				ENABLE_STRICT_OBJC_MSGSEND = YES;
				GCC_C_LANGUAGE_STANDARD = gnu99;
				GCC_DYNAMIC_NO_PIC = NO;
				GCC_OPTIMIZATION_LEVEL = 0;
				GCC_PREPROCESSOR_DEFINITIONS = (
					"DEBUG=1",
					"$(inherited)",
				);
				GCC_SYMBOLS_PRIVATE_EXTERN = NO;
				GCC_WARN_64_TO_32_BIT_CONVERSION = YES;
				GCC_WARN_ABOUT_RETURN_TYPE = YES_ERROR;
				GCC_WARN_UNDECLARED_SELECTOR = YES;
				GCC_WARN_UNINITIALIZED_AUTOS = YES_AGGRESSIVE;
				GCC_WARN_UNUSED_FUNCTION = YES;
				GCC_WARN_UNUSED_VARIABLE = YES;
				IPHONEOS_DEPLOYMENT_TARGET = 8.0;
				MTL_ENABLE_DEBUG_INFO = YES;
				ONLY_ACTIVE_ARCH = YES;
				SDKROOT = iphoneos;
				SWIFT_OPTIMIZATION_LEVEL = "-Onone";
			};
			name = Debug;
		};
		3AEA20371AD6E4100058BC85 /* Release */ = {
			isa = XCBuildConfiguration;
			buildSettings = {
				ALWAYS_SEARCH_USER_PATHS = NO;
				CLANG_CXX_LANGUAGE_STANDARD = "gnu++0x";
				CLANG_CXX_LIBRARY = "libc++";
				CLANG_ENABLE_MODULES = YES;
				CLANG_ENABLE_OBJC_ARC = YES;
				CLANG_WARN_BOOL_CONVERSION = YES;
				CLANG_WARN_CONSTANT_CONVERSION = YES;
				CLANG_WARN_DIRECT_OBJC_ISA_USAGE = YES_ERROR;
				CLANG_WARN_EMPTY_BODY = YES;
				CLANG_WARN_ENUM_CONVERSION = YES;
				CLANG_WARN_INT_CONVERSION = YES;
				CLANG_WARN_OBJC_ROOT_CLASS = YES_ERROR;
				CLANG_WARN_UNREACHABLE_CODE = YES;
				CLANG_WARN__DUPLICATE_METHOD_MATCH = YES;
				"CODE_SIGN_IDENTITY[sdk=iphoneos*]" = "iPhone Developer";
				COPY_PHASE_STRIP = YES;
				ENABLE_NS_ASSERTIONS = NO;
				ENABLE_STRICT_OBJC_MSGSEND = YES;
				GCC_C_LANGUAGE_STANDARD = gnu99;
				GCC_WARN_64_TO_32_BIT_CONVERSION = YES;
				GCC_WARN_ABOUT_RETURN_TYPE = YES_ERROR;
				GCC_WARN_UNDECLARED_SELECTOR = YES;
				GCC_WARN_UNINITIALIZED_AUTOS = YES_AGGRESSIVE;
				GCC_WARN_UNUSED_FUNCTION = YES;
				GCC_WARN_UNUSED_VARIABLE = YES;
				IPHONEOS_DEPLOYMENT_TARGET = 8.0;
				MTL_ENABLE_DEBUG_INFO = NO;
				SDKROOT = iphoneos;
				VALIDATE_PRODUCT = YES;
			};
			name = Release;
		};
		3AEA20391AD6E4100058BC85 /* Debug */ = {
			isa = XCBuildConfiguration;
			baseConfigurationReference = 54DCC90045F3E61802153E2F /* Pods.debug.xcconfig */;
			buildSettings = {
				ASSETCATALOG_COMPILER_APPICON_NAME = AppIcon;
				INFOPLIST_FILE = "Synergize Southwest Detroit/Info.plist";
				IPHONEOS_DEPLOYMENT_TARGET = 7.1;
				LD_RUNPATH_SEARCH_PATHS = "$(inherited) @executable_path/Frameworks";
				PRODUCT_NAME = "$(TARGET_NAME)";
				SWIFT_OBJC_BRIDGING_HEADER = "Synergize Southwest Detroit/BridgingHeader.h";
			};
			name = Debug;
		};
		3AEA203A1AD6E4100058BC85 /* Release */ = {
			isa = XCBuildConfiguration;
			baseConfigurationReference = 32113DD6DBE807DE9C584156 /* Pods.release.xcconfig */;
			buildSettings = {
				ASSETCATALOG_COMPILER_APPICON_NAME = AppIcon;
				INFOPLIST_FILE = "Synergize Southwest Detroit/Info.plist";
				IPHONEOS_DEPLOYMENT_TARGET = 7.1;
				LD_RUNPATH_SEARCH_PATHS = "$(inherited) @executable_path/Frameworks";
				PRODUCT_NAME = "$(TARGET_NAME)";
				SWIFT_OBJC_BRIDGING_HEADER = "Synergize Southwest Detroit/BridgingHeader.h";
			};
			name = Release;
		};
		3AEA203C1AD6E4100058BC85 /* Debug */ = {
			isa = XCBuildConfiguration;
			buildSettings = {
				BUNDLE_LOADER = "$(TEST_HOST)";
				FRAMEWORK_SEARCH_PATHS = (
					"$(SDKROOT)/Developer/Library/Frameworks",
					"$(inherited)",
				);
				GCC_PREPROCESSOR_DEFINITIONS = (
					"DEBUG=1",
					"$(inherited)",
				);
				INFOPLIST_FILE = "Synergize Southwest DetroitTests/Info.plist";
				LD_RUNPATH_SEARCH_PATHS = "$(inherited) @executable_path/Frameworks @loader_path/Frameworks";
				PRODUCT_NAME = "$(TARGET_NAME)";
				TEST_HOST = "$(BUILT_PRODUCTS_DIR)/Synergize Southwest Detroit.app/Synergize Southwest Detroit";
			};
			name = Debug;
		};
		3AEA203D1AD6E4100058BC85 /* Release */ = {
			isa = XCBuildConfiguration;
			buildSettings = {
				BUNDLE_LOADER = "$(TEST_HOST)";
				FRAMEWORK_SEARCH_PATHS = (
					"$(SDKROOT)/Developer/Library/Frameworks",
					"$(inherited)",
				);
				INFOPLIST_FILE = "Synergize Southwest DetroitTests/Info.plist";
				LD_RUNPATH_SEARCH_PATHS = "$(inherited) @executable_path/Frameworks @loader_path/Frameworks";
				PRODUCT_NAME = "$(TARGET_NAME)";
				TEST_HOST = "$(BUILT_PRODUCTS_DIR)/Synergize Southwest Detroit.app/Synergize Southwest Detroit";
			};
			name = Release;
		};
/* End XCBuildConfiguration section */

/* Begin XCConfigurationList section */
		3AEA20121AD6E4100058BC85 /* Build configuration list for PBXProject "Synergize Southwest Detroit" */ = {
			isa = XCConfigurationList;
			buildConfigurations = (
				3AEA20361AD6E4100058BC85 /* Debug */,
				3AEA20371AD6E4100058BC85 /* Release */,
			);
			defaultConfigurationIsVisible = 0;
			defaultConfigurationName = Release;
		};
		3AEA20381AD6E4100058BC85 /* Build configuration list for PBXNativeTarget "Synergize Southwest Detroit" */ = {
			isa = XCConfigurationList;
			buildConfigurations = (
				3AEA20391AD6E4100058BC85 /* Debug */,
				3AEA203A1AD6E4100058BC85 /* Release */,
			);
			defaultConfigurationIsVisible = 0;
			defaultConfigurationName = Release;
		};
		3AEA203B1AD6E4100058BC85 /* Build configuration list for PBXNativeTarget "Synergize Southwest DetroitTests" */ = {
			isa = XCConfigurationList;
			buildConfigurations = (
				3AEA203C1AD6E4100058BC85 /* Debug */,
				3AEA203D1AD6E4100058BC85 /* Release */,
			);
			defaultConfigurationIsVisible = 0;
			defaultConfigurationName = Release;
		};
/* End XCConfigurationList section */
	};
	rootObject = 3AEA200F1AD6E4100058BC85 /* Project object */;
}
